
Microsoft Visual Studio Solution File, Format Version 12.00
# Visual Studio Version 17
VisualStudioVersion = 17.8.34316.72
MinimumVisualStudioVersion = 10.0.40219.1
Project("{FAE04EC0-301F-11D3-BF4B-00C04F79EFBC}") = "grupparbete", "grupparbete\grupparbete.csproj", "{C276971E-26FD-46EF-B7DE-4690198B8D15}"
EndProject
Global
	GlobalSection(SolutionConfigurationPlatforms) = preSolution
		Debug|Any CPU = Debug|Any CPU
		Release|Any CPU = Release|Any CPU
	EndGlobalSection
	GlobalSection(ProjectConfigurationPlatforms) = postSolution
		{C276971E-26FD-46EF-B7DE-4690198B8D15}.Debug|Any CPU.ActiveCfg = Debug|Any CPU
		{C276971E-26FD-46EF-B7DE-4690198B8D15}.Debug|Any CPU.Build.0 = Debug|Any CPU
		{C276971E-26FD-46EF-B7DE-4690198B8D15}.Release|Any CPU.ActiveCfg = Release|Any CPU
		{C276971E-26FD-46EF-B7DE-4690198B8D15}.Release|Any CPU.Build.0 = Release|Any CPU
	EndGlobalSection
	GlobalSection(SolutionProperties) = preSolution
		HideSolutionNode = FALSE
	EndGlobalSection
	GlobalSection(ExtensibilityGlobals) = postSolution
		SolutionGuid = {3485B281-11CF-4043-A6A7-73086D3B6616}
	EndGlobalSection
EndGlobal
